// !$*UTF8*$!
{
	archiveVersion = 1;
	classes = {
	};
	objectVersion = 46;
	objects = {

/* Begin PBXBuildFile section */
		255B46B91C9715AB001A8C4E /* AppDelegate.swift in Sources */ = {isa = PBXBuildFile; fileRef = 255B46B81C9715AB001A8C4E /* AppDelegate.swift */; };
		255B46BB1C9715AB001A8C4E /* ViewController.swift in Sources */ = {isa = PBXBuildFile; fileRef = 255B46BA1C9715AB001A8C4E /* ViewController.swift */; };
		255B46BE1C9715AB001A8C4E /* Main.storyboard in Resources */ = {isa = PBXBuildFile; fileRef = 255B46BC1C9715AB001A8C4E /* Main.storyboard */; };
		255B46C01C9715AB001A8C4E /* Assets.xcassets in Resources */ = {isa = PBXBuildFile; fileRef = 255B46BF1C9715AB001A8C4E /* Assets.xcassets */; };
		255B46C31C9715AB001A8C4E /* LaunchScreen.storyboard in Resources */ = {isa = PBXBuildFile; fileRef = 255B46C11C9715AB001A8C4E /* LaunchScreen.storyboard */; };
		255B46CE1C9715AB001A8C4E /* Disney_Waiting_iOSTests.swift in Sources */ = {isa = PBXBuildFile; fileRef = 255B46CD1C9715AB001A8C4E /* Disney_Waiting_iOSTests.swift */; };
		255B46D91C9715AB001A8C4E /* Disney_Waiting_iOSUITests.swift in Sources */ = {isa = PBXBuildFile; fileRef = 255B46D81C9715AB001A8C4E /* Disney_Waiting_iOSUITests.swift */; };
		255B46E81C9716E6001A8C4E /* Alamofire.framework in Frameworks */ = {isa = PBXBuildFile; fileRef = 255B46E61C9716E6001A8C4E /* Alamofire.framework */; };
		255B46E91C9716E6001A8C4E /* SwiftyJSON.framework in Frameworks */ = {isa = PBXBuildFile; fileRef = 255B46E71C9716E6001A8C4E /* SwiftyJSON.framework */; };
/* End PBXBuildFile section */

/* Begin PBXContainerItemProxy section */
		255B46CA1C9715AB001A8C4E /* PBXContainerItemProxy */ = {
			isa = PBXContainerItemProxy;
			containerPortal = 255B46AD1C9715AB001A8C4E /* Project object */;
			proxyType = 1;
			remoteGlobalIDString = 255B46B41C9715AB001A8C4E;
			remoteInfo = "Disney-Waiting-iOS";
		};
		255B46D51C9715AB001A8C4E /* PBXContainerItemProxy */ = {
			isa = PBXContainerItemProxy;
			containerPortal = 255B46AD1C9715AB001A8C4E /* Project object */;
			proxyType = 1;
			remoteGlobalIDString = 255B46B41C9715AB001A8C4E;
			remoteInfo = "Disney-Waiting-iOS";
		};
/* End PBXContainerItemProxy section */

/* Begin PBXFileReference section */
		255B46B51C9715AB001A8C4E /* Disney-Waiting-iOS.app */ = {isa = PBXFileReference; explicitFileType = wrapper.application; includeInIndex = 0; path = "Disney-Waiting-iOS.app"; sourceTree = BUILT_PRODUCTS_DIR; };
		255B46B81C9715AB001A8C4E /* AppDelegate.swift */ = {isa = PBXFileReference; lastKnownFileType = sourcecode.swift; path = AppDelegate.swift; sourceTree = "<group>"; };
		255B46BA1C9715AB001A8C4E /* ViewController.swift */ = {isa = PBXFileReference; lastKnownFileType = sourcecode.swift; path = ViewController.swift; sourceTree = "<group>"; };
		255B46BD1C9715AB001A8C4E /* Base */ = {isa = PBXFileReference; lastKnownFileType = file.storyboard; name = Base; path = Base.lproj/Main.storyboard; sourceTree = "<group>"; };
		255B46BF1C9715AB001A8C4E /* Assets.xcassets */ = {isa = PBXFileReference; lastKnownFileType = folder.assetcatalog; path = Assets.xcassets; sourceTree = "<group>"; };
		255B46C21C9715AB001A8C4E /* Base */ = {isa = PBXFileReference; lastKnownFileType = file.storyboard; name = Base; path = Base.lproj/LaunchScreen.storyboard; sourceTree = "<group>"; };
		255B46C41C9715AB001A8C4E /* Info.plist */ = {isa = PBXFileReference; lastKnownFileType = text.plist.xml; path = Info.plist; sourceTree = "<group>"; };
		255B46C91C9715AB001A8C4E /* Disney-Waiting-iOSTests.xctest */ = {isa = PBXFileReference; explicitFileType = wrapper.cfbundle; includeInIndex = 0; path = "Disney-Waiting-iOSTests.xctest"; sourceTree = BUILT_PRODUCTS_DIR; };
		255B46CD1C9715AB001A8C4E /* Disney_Waiting_iOSTests.swift */ = {isa = PBXFileReference; lastKnownFileType = sourcecode.swift; path = Disney_Waiting_iOSTests.swift; sourceTree = "<group>"; };
		255B46CF1C9715AB001A8C4E /* Info.plist */ = {isa = PBXFileReference; lastKnownFileType = text.plist.xml; path = Info.plist; sourceTree = "<group>"; };
		255B46D41C9715AB001A8C4E /* Disney-Waiting-iOSUITests.xctest */ = {isa = PBXFileReference; explicitFileType = wrapper.cfbundle; includeInIndex = 0; path = "Disney-Waiting-iOSUITests.xctest"; sourceTree = BUILT_PRODUCTS_DIR; };
		255B46D81C9715AB001A8C4E /* Disney_Waiting_iOSUITests.swift */ = {isa = PBXFileReference; lastKnownFileType = sourcecode.swift; path = Disney_Waiting_iOSUITests.swift; sourceTree = "<group>"; };
		255B46DA1C9715AB001A8C4E /* Info.plist */ = {isa = PBXFileReference; lastKnownFileType = text.plist.xml; path = Info.plist; sourceTree = "<group>"; };
		255B46E61C9716E6001A8C4E /* Alamofire.framework */ = {isa = PBXFileReference; lastKnownFileType = wrapper.framework; name = Alamofire.framework; path = Carthage/Build/iOS/Alamofire.framework; sourceTree = "<group>"; };
		255B46E71C9716E6001A8C4E /* SwiftyJSON.framework */ = {isa = PBXFileReference; lastKnownFileType = wrapper.framework; name = SwiftyJSON.framework; path = Carthage/Build/iOS/SwiftyJSON.framework; sourceTree = "<group>"; };
/* End PBXFileReference section */

/* Begin PBXFrameworksBuildPhase section */
		255B46B21C9715AB001A8C4E /* Frameworks */ = {
			isa = PBXFrameworksBuildPhase;
			buildActionMask = 2147483647;
			files = (
				255B46E81C9716E6001A8C4E /* Alamofire.framework in Frameworks */,
				255B46E91C9716E6001A8C4E /* SwiftyJSON.framework in Frameworks */,
			);
			runOnlyForDeploymentPostprocessing = 0;
		};
		255B46C61C9715AB001A8C4E /* Frameworks */ = {
			isa = PBXFrameworksBuildPhase;
			buildActionMask = 2147483647;
			files = (
			);
			runOnlyForDeploymentPostprocessing = 0;
		};
		255B46D11C9715AB001A8C4E /* Frameworks */ = {
			isa = PBXFrameworksBuildPhase;
			buildActionMask = 2147483647;
			files = (
			);
			runOnlyForDeploymentPostprocessing = 0;
		};
/* End PBXFrameworksBuildPhase section */

/* Begin PBXGroup section */
		255B46AC1C9715AB001A8C4E = {
			isa = PBXGroup;
			children = (
				255B46E61C9716E6001A8C4E /* Alamofire.framework */,
				255B46E71C9716E6001A8C4E /* SwiftyJSON.framework */,
				255B46B71C9715AB001A8C4E /* Disney-Waiting-iOS */,
				255B46CC1C9715AB001A8C4E /* Disney-Waiting-iOSTests */,
				255B46D71C9715AB001A8C4E /* Disney-Waiting-iOSUITests */,
				255B46B61C9715AB001A8C4E /* Products */,
			);
			sourceTree = "<group>";
		};
		255B46B61C9715AB001A8C4E /* Products */ = {
			isa = PBXGroup;
			children = (
				255B46B51C9715AB001A8C4E /* Disney-Waiting-iOS.app */,
				255B46C91C9715AB001A8C4E /* Disney-Waiting-iOSTests.xctest */,
				255B46D41C9715AB001A8C4E /* Disney-Waiting-iOSUITests.xctest */,
			);
			name = Products;
			sourceTree = "<group>";
		};
		255B46B71C9715AB001A8C4E /* Disney-Waiting-iOS */ = {
			isa = PBXGroup;
			children = (
				255B46B81C9715AB001A8C4E /* AppDelegate.swift */,
				255B46BA1C9715AB001A8C4E /* ViewController.swift */,
				255B46BC1C9715AB001A8C4E /* Main.storyboard */,
				255B46BF1C9715AB001A8C4E /* Assets.xcassets */,
				255B46C11C9715AB001A8C4E /* LaunchScreen.storyboard */,
				255B46C41C9715AB001A8C4E /* Info.plist */,
			);
			path = "Disney-Waiting-iOS";
			sourceTree = "<group>";
		};
		255B46CC1C9715AB001A8C4E /* Disney-Waiting-iOSTests */ = {
			isa = PBXGroup;
			children = (
				255B46CD1C9715AB001A8C4E /* Disney_Waiting_iOSTests.swift */,
				255B46CF1C9715AB001A8C4E /* Info.plist */,
			);
			path = "Disney-Waiting-iOSTests";
			sourceTree = "<group>";
		};
		255B46D71C9715AB001A8C4E /* Disney-Waiting-iOSUITests */ = {
			isa = PBXGroup;
			children = (
				255B46D81C9715AB001A8C4E /* Disney_Waiting_iOSUITests.swift */,
				255B46DA1C9715AB001A8C4E /* Info.plist */,
			);
			path = "Disney-Waiting-iOSUITests";
			sourceTree = "<group>";
		};
/* End PBXGroup section */

/* Begin PBXNativeTarget section */
		255B46B41C9715AB001A8C4E /* Disney-Waiting-iOS */ = {
			isa = PBXNativeTarget;
			buildConfigurationList = 255B46DD1C9715AB001A8C4E /* Build configuration list for PBXNativeTarget "Disney-Waiting-iOS" */;
			buildPhases = (
				255B46B11C9715AB001A8C4E /* Sources */,
				255B46B21C9715AB001A8C4E /* Frameworks */,
				255B46B31C9715AB001A8C4E /* Resources */,
				255B46EB1C97189B001A8C4E /* ShellScript */,
			);
			buildRules = (
			);
			dependencies = (
			);
			name = "Disney-Waiting-iOS";
			productName = "Disney-Waiting-iOS";
			productReference = 255B46B51C9715AB001A8C4E /* Disney-Waiting-iOS.app */;
			productType = "com.apple.product-type.application";
		};
		255B46C81C9715AB001A8C4E /* Disney-Waiting-iOSTests */ = {
			isa = PBXNativeTarget;
			buildConfigurationList = 255B46E01C9715AB001A8C4E /* Build configuration list for PBXNativeTarget "Disney-Waiting-iOSTests" */;
			buildPhases = (
				255B46C51C9715AB001A8C4E /* Sources */,
				255B46C61C9715AB001A8C4E /* Frameworks */,
				255B46C71C9715AB001A8C4E /* Resources */,
			);
			buildRules = (
			);
			dependencies = (
				255B46CB1C9715AB001A8C4E /* PBXTargetDependency */,
			);
			name = "Disney-Waiting-iOSTests";
			productName = "Disney-Waiting-iOSTests";
			productReference = 255B46C91C9715AB001A8C4E /* Disney-Waiting-iOSTests.xctest */;
			productType = "com.apple.product-type.bundle.unit-test";
		};
		255B46D31C9715AB001A8C4E /* Disney-Waiting-iOSUITests */ = {
			isa = PBXNativeTarget;
			buildConfigurationList = 255B46E31C9715AB001A8C4E /* Build configuration list for PBXNativeTarget "Disney-Waiting-iOSUITests" */;
			buildPhases = (
				255B46D01C9715AB001A8C4E /* Sources */,
				255B46D11C9715AB001A8C4E /* Frameworks */,
				255B46D21C9715AB001A8C4E /* Resources */,
			);
			buildRules = (
			);
			dependencies = (
				255B46D61C9715AB001A8C4E /* PBXTargetDependency */,
			);
			name = "Disney-Waiting-iOSUITests";
			productName = "Disney-Waiting-iOSUITests";
			productReference = 255B46D41C9715AB001A8C4E /* Disney-Waiting-iOSUITests.xctest */;
			productType = "com.apple.product-type.bundle.ui-testing";
		};
/* End PBXNativeTarget section */

/* Begin PBXProject section */
		255B46AD1C9715AB001A8C4E /* Project object */ = {
			isa = PBXProject;
			attributes = {
				LastSwiftUpdateCheck = 0720;
				LastUpgradeCheck = 0720;
				ORGANIZATIONNAME = "大井光太郎";
				TargetAttributes = {
					255B46B41C9715AB001A8C4E = {
						CreatedOnToolsVersion = 7.2.1;
					};
					255B46C81C9715AB001A8C4E = {
						CreatedOnToolsVersion = 7.2.1;
						TestTargetID = 255B46B41C9715AB001A8C4E;
					};
					255B46D31C9715AB001A8C4E = {
						CreatedOnToolsVersion = 7.2.1;
						TestTargetID = 255B46B41C9715AB001A8C4E;
					};
				};
			};
			buildConfigurationList = 255B46B01C9715AB001A8C4E /* Build configuration list for PBXProject "Disney-Waiting-iOS" */;
			compatibilityVersion = "Xcode 3.2";
			developmentRegion = English;
			hasScannedForEncodings = 0;
			knownRegions = (
				en,
				Base,
			);
			mainGroup = 255B46AC1C9715AB001A8C4E;
			productRefGroup = 255B46B61C9715AB001A8C4E /* Products */;
			projectDirPath = "";
			projectRoot = "";
			targets = (
				255B46B41C9715AB001A8C4E /* Disney-Waiting-iOS */,
				255B46C81C9715AB001A8C4E /* Disney-Waiting-iOSTests */,
				255B46D31C9715AB001A8C4E /* Disney-Waiting-iOSUITests */,
			);
		};
/* End PBXProject section */

/* Begin PBXResourcesBuildPhase section */
		255B46B31C9715AB001A8C4E /* Resources */ = {
			isa = PBXResourcesBuildPhase;
			buildActionMask = 2147483647;
			files = (
				255B46C31C9715AB001A8C4E /* LaunchScreen.storyboard in Resources */,
				255B46C01C9715AB001A8C4E /* Assets.xcassets in Resources */,
				255B46BE1C9715AB001A8C4E /* Main.storyboard in Resources */,
			);
			runOnlyForDeploymentPostprocessing = 0;
		};
		255B46C71C9715AB001A8C4E /* Resources */ = {
			isa = PBXResourcesBuildPhase;
			buildActionMask = 2147483647;
			files = (
			);
			runOnlyForDeploymentPostprocessing = 0;
		};
		255B46D21C9715AB001A8C4E /* Resources */ = {
			isa = PBXResourcesBuildPhase;
			buildActionMask = 2147483647;
			files = (
			);
			runOnlyForDeploymentPostprocessing = 0;
		};
/* End PBXResourcesBuildPhase section */

/* Begin PBXShellScriptBuildPhase section */
		255B46EB1C97189B001A8C4E /* ShellScript */ = {
			isa = PBXShellScriptBuildPhase;
			buildActionMask = 2147483647;
			files = (
			);
			inputPaths = (
				"$(SRCROOT)/Carthage/Build/iOS/Alamofire.framework",
				"$(SRCROOT)/Carthage/Build/iOS/SwiftyJSON.framework",
			);
			outputPaths = (
			);
			runOnlyForDeploymentPostprocessing = 0;
			shellPath = /bin/sh;
			shellScript = "/usr/local/bin/carthage copy-frameworks";
		};
/* End PBXShellScriptBuildPhase section */

/* Begin PBXSourcesBuildPhase section */
		255B46B11C9715AB001A8C4E /* Sources */ = {
			isa = PBXSourcesBuildPhase;
			buildActionMask = 2147483647;
			files = (
				255B46BB1C9715AB001A8C4E /* ViewController.swift in Sources */,
				255B46B91C9715AB001A8C4E /* AppDelegate.swift in Sources */,
			);
			runOnlyForDeploymentPostprocessing = 0;
		};
		255B46C51C9715AB001A8C4E /* Sources */ = {
			isa = PBXSourcesBuildPhase;
			buildActionMask = 2147483647;
			files = (
				255B46CE1C9715AB001A8C4E /* Disney_Waiting_iOSTests.swift in Sources */,
			);
			runOnlyForDeploymentPostprocessing = 0;
		};
		255B46D01C9715AB001A8C4E /* Sources */ = {
			isa = PBXSourcesBuildPhase;
			buildActionMask = 2147483647;
			files = (
				255B46D91C9715AB001A8C4E /* Disney_Waiting_iOSUITests.swift in Sources */,
			);
			runOnlyForDeploymentPostprocessing = 0;
		};
/* End PBXSourcesBuildPhase section */

/* Begin PBXTargetDependency section */
		255B46CB1C9715AB001A8C4E /* PBXTargetDependency */ = {
			isa = PBXTargetDependency;
			target = 255B46B41C9715AB001A8C4E /* Disney-Waiting-iOS */;
			targetProxy = 255B46CA1C9715AB001A8C4E /* PBXContainerItemProxy */;
		};
		255B46D61C9715AB001A8C4E /* PBXTargetDependency */ = {
			isa = PBXTargetDependency;
			target = 255B46B41C9715AB001A8C4E /* Disney-Waiting-iOS */;
			targetProxy = 255B46D51C9715AB001A8C4E /* PBXContainerItemProxy */;
		};
/* End PBXTargetDependency section */

/* Begin PBXVariantGroup section */
		255B46BC1C9715AB001A8C4E /* Main.storyboard */ = {
			isa = PBXVariantGroup;
			children = (
				255B46BD1C9715AB001A8C4E /* Base */,
			);
			name = Main.storyboard;
			sourceTree = "<group>";
		};
		255B46C11C9715AB001A8C4E /* LaunchScreen.storyboard */ = {
			isa = PBXVariantGroup;
			children = (
				255B46C21C9715AB001A8C4E /* Base */,
			);
			name = LaunchScreen.storyboard;
			sourceTree = "<group>";
		};
/* End PBXVariantGroup section */

/* Begin XCBuildConfiguration section */
		255B46DB1C9715AB001A8C4E /* Debug */ = {
			isa = XCBuildConfiguration;
			buildSettings = {
				ALWAYS_SEARCH_USER_PATHS = NO;
				CLANG_CXX_LANGUAGE_STANDARD = "gnu++0x";
				CLANG_CXX_LIBRARY = "libc++";
				CLANG_ENABLE_MODULES = YES;
				CLANG_ENABLE_OBJC_ARC = YES;
				CLANG_WARN_BOOL_CONVERSION = YES;
				CLANG_WARN_CONSTANT_CONVERSION = YES;
				CLANG_WARN_DIRECT_OBJC_ISA_USAGE = YES_ERROR;
				CLANG_WARN_EMPTY_BODY = YES;
				CLANG_WARN_ENUM_CONVERSION = YES;
				CLANG_WARN_INT_CONVERSION = YES;
				CLANG_WARN_OBJC_ROOT_CLASS = YES_ERROR;
				CLANG_WARN_UNREACHABLE_CODE = YES;
				CLANG_WARN__DUPLICATE_METHOD_MATCH = YES;
				"CODE_SIGN_IDENTITY[sdk=iphoneos*]" = "iPhone Developer";
				COPY_PHASE_STRIP = NO;
				DEBUG_INFORMATION_FORMAT = dwarf;
				ENABLE_STRICT_OBJC_MSGSEND = YES;
				ENABLE_TESTABILITY = YES;
				GCC_C_LANGUAGE_STANDARD = gnu99;
				GCC_DYNAMIC_NO_PIC = NO;
				GCC_NO_COMMON_BLOCKS = YES;
				GCC_OPTIMIZATION_LEVEL = 0;
				GCC_PREPROCESSOR_DEFINITIONS = (
					"DEBUG=1",
					"$(inherited)",
				);
				GCC_WARN_64_TO_32_BIT_CONVERSION = YES;
				GCC_WARN_ABOUT_RETURN_TYPE = YES_ERROR;
				GCC_WARN_UNDECLARED_SELECTOR = YES;
				GCC_WARN_UNINITIALIZED_AUTOS = YES_AGGRESSIVE;
				GCC_WARN_UNUSED_FUNCTION = YES;
				GCC_WARN_UNUSED_VARIABLE = YES;
				IPHONEOS_DEPLOYMENT_TARGET = 9.2;
				MTL_ENABLE_DEBUG_INFO = YES;
				ONLY_ACTIVE_ARCH = YES;
				SDKROOT = iphoneos;
				SWIFT_OPTIMIZATION_LEVEL = "-Onone";
			};
			name = Debug;
		};
		255B46DC1C9715AB001A8C4E /* Release */ = {
			isa = XCBuildConfiguration;
			buildSettings = {
				ALWAYS_SEARCH_USER_PATHS = NO;
				CLANG_CXX_LANGUAGE_STANDARD = "gnu++0x";
				CLANG_CXX_LIBRARY = "libc++";
				CLANG_ENABLE_MODULES = YES;
				CLANG_ENABLE_OBJC_ARC = YES;
				CLANG_WARN_BOOL_CONVERSION = YES;
				CLANG_WARN_CONSTANT_CONVERSION = YES;
				CLANG_WARN_DIRECT_OBJC_ISA_USAGE = YES_ERROR;
				CLANG_WARN_EMPTY_BODY = YES;
				CLANG_WARN_ENUM_CONVERSION = YES;
				CLANG_WARN_INT_CONVERSION = YES;
				CLANG_WARN_OBJC_ROOT_CLASS = YES_ERROR;
				CLANG_WARN_UNREACHABLE_CODE = YES;
				CLANG_WARN__DUPLICATE_METHOD_MATCH = YES;
				"CODE_SIGN_IDENTITY[sdk=iphoneos*]" = "iPhone Developer";
				COPY_PHASE_STRIP = NO;
				DEBUG_INFORMATION_FORMAT = "dwarf-with-dsym";
				ENABLE_NS_ASSERTIONS = NO;
				ENABLE_STRICT_OBJC_MSGSEND = YES;
				GCC_C_LANGUAGE_STANDARD = gnu99;
				GCC_NO_COMMON_BLOCKS = YES;
				GCC_WARN_64_TO_32_BIT_CONVERSION = YES;
				GCC_WARN_ABOUT_RETURN_TYPE = YES_ERROR;
				GCC_WARN_UNDECLARED_SELECTOR = YES;
				GCC_WARN_UNINITIALIZED_AUTOS = YES_AGGRESSIVE;
				GCC_WARN_UNUSED_FUNCTION = YES;
				GCC_WARN_UNUSED_VARIABLE = YES;
				IPHONEOS_DEPLOYMENT_TARGET = 9.2;
				MTL_ENABLE_DEBUG_INFO = NO;
				SDKROOT = iphoneos;
				VALIDATE_PRODUCT = YES;
			};
			name = Release;
		};
		255B46DE1C9715AB001A8C4E /* Debug */ = {
			isa = XCBuildConfiguration;
			buildSettings = {
				ASSETCATALOG_COMPILER_APPICON_NAME = AppIcon;
				FRAMEWORK_SEARCH_PATHS = (
					"$(inherited)",
					"$(PROJECT_DIR)/Carthage/Build/iOS",
				);
				INFOPLIST_FILE = "Disney-Waiting-iOS/Info.plist";
				LD_RUNPATH_SEARCH_PATHS = "$(inherited) @executable_path/Frameworks";
				PRODUCT_BUNDLE_IDENTIFIER = "koi.Disney-Waiting-iOS";
				PRODUCT_NAME = "$(TARGET_NAME)";
			};
			name = Debug;
		};
		255B46DF1C9715AB001A8C4E /* Release */ = {
			isa = XCBuildConfiguration;
			buildSettings = {
				ASSETCATALOG_COMPILER_APPICON_NAME = AppIcon;
				FRAMEWORK_SEARCH_PATHS = (
					"$(inherited)",
					"$(PROJECT_DIR)/Carthage/Build/iOS",
				);
				INFOPLIST_FILE = "Disney-Waiting-iOS/Info.plist";
				LD_RUNPATH_SEARCH_PATHS = "$(inherited) @executable_path/Frameworks";
				PRODUCT_BUNDLE_IDENTIFIER = "koi.Disney-Waiting-iOS";
				PRODUCT_NAME = "$(TARGET_NAME)";
			};
			name = Release;
		};
		255B46E11C9715AB001A8C4E /* Debug */ = {
			isa = XCBuildConfiguration;
			buildSettings = {
				BUNDLE_LOADER = "$(TEST_HOST)";
				INFOPLIST_FILE = "Disney-Waiting-iOSTests/Info.plist";
				LD_RUNPATH_SEARCH_PATHS = "$(inherited) @executable_path/Frameworks @loader_path/Frameworks";
				PRODUCT_BUNDLE_IDENTIFIER = "koi.Disney-Waiting-iOSTests";
				PRODUCT_NAME = "$(TARGET_NAME)";
				TEST_HOST = "$(BUILT_PRODUCTS_DIR)/Disney-Waiting-iOS.app/Disney-Waiting-iOS";
			};
			name = Debug;
		};
		255B46E21C9715AB001A8C4E /* Release */ = {
			isa = XCBuildConfiguration;
			buildSettings = {
				BUNDLE_LOADER = "$(TEST_HOST)";
				INFOPLIST_FILE = "Disney-Waiting-iOSTests/Info.plist";
				LD_RUNPATH_SEARCH_PATHS = "$(inherited) @executable_path/Frameworks @loader_path/Frameworks";
				PRODUCT_BUNDLE_IDENTIFIER = "koi.Disney-Waiting-iOSTests";
				PRODUCT_NAME = "$(TARGET_NAME)";
				TEST_HOST = "$(BUILT_PRODUCTS_DIR)/Disney-Waiting-iOS.app/Disney-Waiting-iOS";
			};
			name = Release;
		};
		255B46E41C9715AB001A8C4E /* Debug */ = {
			isa = XCBuildConfiguration;
			buildSettings = {
				INFOPLIST_FILE = "Disney-Waiting-iOSUITests/Info.plist";
				LD_RUNPATH_SEARCH_PATHS = "$(inherited) @executable_path/Frameworks @loader_path/Frameworks";
				PRODUCT_BUNDLE_IDENTIFIER = "koi.Disney-Waiting-iOSUITests";
				PRODUCT_NAME = "$(TARGET_NAME)";
				TEST_TARGET_NAME = "Disney-Waiting-iOS";
				USES_XCTRUNNER = YES;
			};
			name = Debug;
		};
		255B46E51C9715AB001A8C4E /* Release */ = {
			isa = XCBuildConfiguration;
			buildSettings = {
				INFOPLIST_FILE = "Disney-Waiting-iOSUITests/Info.plist";
				LD_RUNPATH_SEARCH_PATHS = "$(inherited) @executable_path/Frameworks @loader_path/Frameworks";
				PRODUCT_BUNDLE_IDENTIFIER = "koi.Disney-Waiting-iOSUITests";
				PRODUCT_NAME = "$(TARGET_NAME)";
				TEST_TARGET_NAME = "Disney-Waiting-iOS";
				USES_XCTRUNNER = YES;
			};
			name = Release;
		};
/* End XCBuildConfiguration section */

/* Begin XCConfigurationList section */
		255B46B01C9715AB001A8C4E /* Build configuration list for PBXProject "Disney-Waiting-iOS" */ = {
			isa = XCConfigurationList;
			buildConfigurations = (
				255B46DB1C9715AB001A8C4E /* Debug */,
				255B46DC1C9715AB001A8C4E /* Release */,
			);
			defaultConfigurationIsVisible = 0;
			defaultConfigurationName = Release;
		};
		255B46DD1C9715AB001A8C4E /* Build configuration list for PBXNativeTarget "Disney-Waiting-iOS" */ = {
			isa = XCConfigurationList;
			buildConfigurations = (
				255B46DE1C9715AB001A8C4E /* Debug */,
				255B46DF1C9715AB001A8C4E /* Release */,
			);
			defaultConfigurationIsVisible = 0;
		};
		255B46E01C9715AB001A8C4E /* Build configuration list for PBXNativeTarget "Disney-Waiting-iOSTests" */ = {
			isa = XCConfigurationList;
			buildConfigurations = (
				255B46E11C9715AB001A8C4E /* Debug */,
				255B46E21C9715AB001A8C4E /* Release */,
			);
			defaultConfigurationIsVisible = 0;
		};
		255B46E31C9715AB001A8C4E /* Build configuration list for PBXNativeTarget "Disney-Waiting-iOSUITests" */ = {
			isa = XCConfigurationList;
			buildConfigurations = (
				255B46E41C9715AB001A8C4E /* Debug */,
				255B46E51C9715AB001A8C4E /* Release */,
			);
			defaultConfigurationIsVisible = 0;
		};
/* End XCConfigurationList section */
	};
	rootObject = 255B46AD1C9715AB001A8C4E /* Project object */;
}
